
Microsoft Visual Studio Solution File, Format Version 12.00
# Visual Studio 14
VisualStudioVersion = 14.0.25420.1
MinimumVisualStudioVersion = 10.0.40219.1
Project("{F184B08F-C81C-45F6-A57F-5ABD9991F28F}") = "FrmTiket", "FrmTiket\FrmTiket.vbproj", "{3548C93E-5507-4F5E-88BC-B0B0D46CBCCB}"
EndProject
Global
	GlobalSection(SolutionConfigurationPlatforms) = preSolution
		Debug|Any CPU = Debug|Any CPU
		Release|Any CPU = Release|Any CPU
	EndGlobalSection
	GlobalSection(ProjectConfigurationPlatforms) = postSolution
		{3548C93E-5507-4F5E-88BC-B0B0D46CBCCB}.Debug|Any CPU.ActiveCfg = Debug|Any CPU
		{3548C93E-5507-4F5E-88BC-B0B0D46CBCCB}.Debug|Any CPU.Build.0 = Debug|Any CPU
		{3548C93E-5507-4F5E-88BC-B0B0D46CBCCB}.Release|Any CPU.ActiveCfg = Release|Any CPU
		{3548C93E-5507-4F5E-88BC-B0B0D46CBCCB}.Release|Any CPU.Build.0 = Release|Any CPU
	EndGlobalSection
	GlobalSection(SolutionProperties) = preSolution
		HideSolutionNode = FALSE
	EndGlobalSection
EndGlobal
